
Microsoft Visual Studio Solution File, Format Version 12.00
# Visual Studio Version 17
VisualStudioVersion = 17.12.35527.113
MinimumVisualStudioVersion = 10.0.40219.1
Project("{FAE04EC0-301F-11D3-BF4B-00C04F79EFBC}") = "TP-Promo-Equipo5B", "TP-Promo-Equipo5B\TP-Promo-Equipo5B.csproj", "{43B001CF-02F3-4635-9583-AF483D194B5C}"
EndProject
Project("{FAE04EC0-301F-11D3-BF4B-00C04F79EFBC}") = "Dominio", "Dominio\Dominio.csproj", "{634B4853-DEB3-4CF7-AB92-B0B7FBE60795}"
EndProject
Project("{FAE04EC0-301F-11D3-BF4B-00C04F79EFBC}") = "Negocio", "Negocio\Negocio.csproj", "{065ECE97-A79A-4BBD-817C-3822BAA194CE}"
EndProject
Global
	GlobalSection(SolutionConfigurationPlatforms) = preSolution
		Debug|Any CPU = Debug|Any CPU
		Release|Any CPU = Release|Any CPU
	EndGlobalSection
	GlobalSection(ProjectConfigurationPlatforms) = postSolution
		{43B001CF-02F3-4635-9583-AF483D194B5C}.Debug|Any CPU.ActiveCfg = Debug|Any CPU
		{43B001CF-02F3-4635-9583-AF483D194B5C}.Debug|Any CPU.Build.0 = Debug|Any CPU
		{43B001CF-02F3-4635-9583-AF483D194B5C}.Release|Any CPU.ActiveCfg = Release|Any CPU
		{43B001CF-02F3-4635-9583-AF483D194B5C}.Release|Any CPU.Build.0 = Release|Any CPU
		{634B4853-DEB3-4CF7-AB92-B0B7FBE60795}.Debug|Any CPU.ActiveCfg = Debug|Any CPU
		{634B4853-DEB3-4CF7-AB92-B0B7FBE60795}.Debug|Any CPU.Build.0 = Debug|Any CPU
		{634B4853-DEB3-4CF7-AB92-B0B7FBE60795}.Release|Any CPU.ActiveCfg = Release|Any CPU
		{634B4853-DEB3-4CF7-AB92-B0B7FBE60795}.Release|Any CPU.Build.0 = Release|Any CPU
		{065ECE97-A79A-4BBD-817C-3822BAA194CE}.Debug|Any CPU.ActiveCfg = Debug|Any CPU
		{065ECE97-A79A-4BBD-817C-3822BAA194CE}.Debug|Any CPU.Build.0 = Debug|Any CPU
		{065ECE97-A79A-4BBD-817C-3822BAA194CE}.Release|Any CPU.ActiveCfg = Release|Any CPU
		{065ECE97-A79A-4BBD-817C-3822BAA194CE}.Release|Any CPU.Build.0 = Release|Any CPU
	EndGlobalSection
	GlobalSection(SolutionProperties) = preSolution
		HideSolutionNode = FALSE
	EndGlobalSection
EndGlobal
